// !$*UTF8*$!
{
	archiveVersion = 1;
	classes = {
	};
	objectVersion = 50;
	objects = {

/* Begin PBXBuildFile section */
		8AC015EBCFF976D0508168D4 /* Pods_SlackCooperation.framework in Frameworks */ = {isa = PBXBuildFile; fileRef = 782B43D0E86B59BEB4A9B178 /* Pods_SlackCooperation.framework */; };
		C1412BE621B8F381006B0998 /* AppDelegate.swift in Sources */ = {isa = PBXBuildFile; fileRef = C1412BE521B8F381006B0998 /* AppDelegate.swift */; };
		C1412BE821B8F381006B0998 /* ViewController.swift in Sources */ = {isa = PBXBuildFile; fileRef = C1412BE721B8F381006B0998 /* ViewController.swift */; };
		C1412BEB21B8F381006B0998 /* Main.storyboard in Resources */ = {isa = PBXBuildFile; fileRef = C1412BE921B8F381006B0998 /* Main.storyboard */; };
		C1412BED21B8F387006B0998 /* Assets.xcassets in Resources */ = {isa = PBXBuildFile; fileRef = C1412BEC21B8F387006B0998 /* Assets.xcassets */; };
		C1412BF021B8F387006B0998 /* LaunchScreen.storyboard in Resources */ = {isa = PBXBuildFile; fileRef = C1412BEE21B8F387006B0998 /* LaunchScreen.storyboard */; };
		C1412BF821B8F3C8006B0998 /* APIToken.swift in Sources */ = {isa = PBXBuildFile; fileRef = C1412BF721B8F3C8006B0998 /* APIToken.swift */; };
/* End PBXBuildFile section */

/* Begin PBXFileReference section */
		782B43D0E86B59BEB4A9B178 /* Pods_SlackCooperation.framework */ = {isa = PBXFileReference; explicitFileType = wrapper.framework; includeInIndex = 0; path = Pods_SlackCooperation.framework; sourceTree = BUILT_PRODUCTS_DIR; };
		C1412BE221B8F381006B0998 /* SlackCooperation.app */ = {isa = PBXFileReference; explicitFileType = wrapper.application; includeInIndex = 0; path = SlackCooperation.app; sourceTree = BUILT_PRODUCTS_DIR; };
		C1412BE521B8F381006B0998 /* AppDelegate.swift */ = {isa = PBXFileReference; lastKnownFileType = sourcecode.swift; path = AppDelegate.swift; sourceTree = "<group>"; };
		C1412BE721B8F381006B0998 /* ViewController.swift */ = {isa = PBXFileReference; lastKnownFileType = sourcecode.swift; path = ViewController.swift; sourceTree = "<group>"; };
		C1412BEA21B8F381006B0998 /* Base */ = {isa = PBXFileReference; lastKnownFileType = file.storyboard; name = Base; path = Base.lproj/Main.storyboard; sourceTree = "<group>"; };
		C1412BEC21B8F387006B0998 /* Assets.xcassets */ = {isa = PBXFileReference; lastKnownFileType = folder.assetcatalog; path = Assets.xcassets; sourceTree = "<group>"; };
		C1412BEF21B8F387006B0998 /* Base */ = {isa = PBXFileReference; lastKnownFileType = file.storyboard; name = Base; path = Base.lproj/LaunchScreen.storyboard; sourceTree = "<group>"; };
		C1412BF121B8F387006B0998 /* Info.plist */ = {isa = PBXFileReference; lastKnownFileType = text.plist.xml; path = Info.plist; sourceTree = "<group>"; };
		C1412BF721B8F3C8006B0998 /* APIToken.swift */ = {isa = PBXFileReference; lastKnownFileType = sourcecode.swift; path = APIToken.swift; sourceTree = "<group>"; };
		E2AE557574B36D28C144816D /* Pods-SlackCooperation.release.xcconfig */ = {isa = PBXFileReference; includeInIndex = 1; lastKnownFileType = text.xcconfig; name = "Pods-SlackCooperation.release.xcconfig"; path = "Pods/Target Support Files/Pods-SlackCooperation/Pods-SlackCooperation.release.xcconfig"; sourceTree = "<group>"; };
		F891C3750F1FC16B9BA81B2D /* Pods-SlackCooperation.debug.xcconfig */ = {isa = PBXFileReference; includeInIndex = 1; lastKnownFileType = text.xcconfig; name = "Pods-SlackCooperation.debug.xcconfig"; path = "Pods/Target Support Files/Pods-SlackCooperation/Pods-SlackCooperation.debug.xcconfig"; sourceTree = "<group>"; };
/* End PBXFileReference section */

/* Begin PBXFrameworksBuildPhase section */
		C1412BDF21B8F381006B0998 /* Frameworks */ = {
			isa = PBXFrameworksBuildPhase;
			buildActionMask = 2147483647;
			files = (
				8AC015EBCFF976D0508168D4 /* Pods_SlackCooperation.framework in Frameworks */,
			);
			runOnlyForDeploymentPostprocessing = 0;
		};
/* End PBXFrameworksBuildPhase section */

/* Begin PBXGroup section */
		249CE6E4A167D7D1D60061D9 /* Frameworks */ = {
			isa = PBXGroup;
			children = (
				782B43D0E86B59BEB4A9B178 /* Pods_SlackCooperation.framework */,
			);
			name = Frameworks;
			sourceTree = "<group>";
		};
		858A2554A82137B166D5824F /* Pods */ = {
			isa = PBXGroup;
			children = (
				F891C3750F1FC16B9BA81B2D /* Pods-SlackCooperation.debug.xcconfig */,
				E2AE557574B36D28C144816D /* Pods-SlackCooperation.release.xcconfig */,
			);
			name = Pods;
			sourceTree = "<group>";
		};
		C1412BD921B8F381006B0998 = {
			isa = PBXGroup;
			children = (
				C1412BE421B8F381006B0998 /* SlackCooperation */,
				C1412BE321B8F381006B0998 /* Products */,
				858A2554A82137B166D5824F /* Pods */,
				249CE6E4A167D7D1D60061D9 /* Frameworks */,
			);
			sourceTree = "<group>";
		};
		C1412BE321B8F381006B0998 /* Products */ = {
			isa = PBXGroup;
			children = (
				C1412BE221B8F381006B0998 /* SlackCooperation.app */,
			);
			name = Products;
			sourceTree = "<group>";
		};
		C1412BE421B8F381006B0998 /* SlackCooperation */ = {
			isa = PBXGroup;
			children = (
				C1412BE521B8F381006B0998 /* AppDelegate.swift */,
				C1412BE721B8F381006B0998 /* ViewController.swift */,
				C1412BF721B8F3C8006B0998 /* APIToken.swift */,
				C1412BE921B8F381006B0998 /* Main.storyboard */,
				C1412BEC21B8F387006B0998 /* Assets.xcassets */,
				C1412BEE21B8F387006B0998 /* LaunchScreen.storyboard */,
				C1412BF121B8F387006B0998 /* Info.plist */,
			);
			path = SlackCooperation;
			sourceTree = "<group>";
		};
/* End PBXGroup section */

/* Begin PBXNativeTarget section */
		C1412BE121B8F381006B0998 /* SlackCooperation */ = {
			isa = PBXNativeTarget;
			buildConfigurationList = C1412BF421B8F387006B0998 /* Build configuration list for PBXNativeTarget "SlackCooperation" */;
			buildPhases = (
				5D3E5B8563A8D27579C27BB7 /* [CP] Check Pods Manifest.lock */,
				C1412BDE21B8F381006B0998 /* Sources */,
				C1412BDF21B8F381006B0998 /* Frameworks */,
				C1412BE021B8F381006B0998 /* Resources */,
				B2972C8B5D8E50C1453F9027 /* [CP] Embed Pods Frameworks */,
			);
			buildRules = (
			);
			dependencies = (
			);
			name = SlackCooperation;
			productName = SlackCooperation;
			productReference = C1412BE221B8F381006B0998 /* SlackCooperation.app */;
			productType = "com.apple.product-type.application";
		};
/* End PBXNativeTarget section */

/* Begin PBXProject section */
		C1412BDA21B8F381006B0998 /* Project object */ = {
			isa = PBXProject;
			attributes = {
				LastSwiftUpdateCheck = 1010;
				LastUpgradeCheck = 1010;
				ORGANIZATIONNAME = TakaoAtsushi;
				TargetAttributes = {
					C1412BE121B8F381006B0998 = {
						CreatedOnToolsVersion = 10.1;
					};
				};
			};
			buildConfigurationList = C1412BDD21B8F381006B0998 /* Build configuration list for PBXProject "SlackCooperation" */;
			compatibilityVersion = "Xcode 9.3";
			developmentRegion = en;
			hasScannedForEncodings = 0;
			knownRegions = (
				en,
				Base,
			);
			mainGroup = C1412BD921B8F381006B0998;
			productRefGroup = C1412BE321B8F381006B0998 /* Products */;
			projectDirPath = "";
			projectRoot = "";
			targets = (
				C1412BE121B8F381006B0998 /* SlackCooperation */,
			);
		};
/* End PBXProject section */

/* Begin PBXResourcesBuildPhase section */
		C1412BE021B8F381006B0998 /* Resources */ = {
			isa = PBXResourcesBuildPhase;
			buildActionMask = 2147483647;
			files = (
				C1412BF021B8F387006B0998 /* LaunchScreen.storyboard in Resources */,
				C1412BED21B8F387006B0998 /* Assets.xcassets in Resources */,
				C1412BEB21B8F381006B0998 /* Main.storyboard in Resources */,
			);
			runOnlyForDeploymentPostprocessing = 0;
		};
/* End PBXResourcesBuildPhase section */

/* Begin PBXShellScriptBuildPhase section */
		5D3E5B8563A8D27579C27BB7 /* [CP] Check Pods Manifest.lock */ = {
			isa = PBXShellScriptBuildPhase;
			buildActionMask = 2147483647;
			files = (
			);
			inputPaths = (
				"${PODS_PODFILE_DIR_PATH}/Podfile.lock",
				"${PODS_ROOT}/Manifest.lock",
			);
			name = "[CP] Check Pods Manifest.lock";
			outputPaths = (
				"$(DERIVED_FILE_DIR)/Pods-SlackCooperation-checkManifestLockResult.txt",
			);
			runOnlyForDeploymentPostprocessing = 0;
			shellPath = /bin/sh;
			shellScript = "diff \"${PODS_PODFILE_DIR_PATH}/Podfile.lock\" \"${PODS_ROOT}/Manifest.lock\" > /dev/null\nif [ $? != 0 ] ; then\n    # print error to STDERR\n    echo \"error: The sandbox is not in sync with the Podfile.lock. Run 'pod install' or update your CocoaPods installation.\" >&2\n    exit 1\nfi\n# This output is used by Xcode 'outputs' to avoid re-running this script phase.\necho \"SUCCESS\" > \"${SCRIPT_OUTPUT_FILE_0}\"\n";
			showEnvVarsInLog = 0;
		};
		B2972C8B5D8E50C1453F9027 /* [CP] Embed Pods Frameworks */ = {
			isa = PBXShellScriptBuildPhase;
			buildActionMask = 2147483647;
			files = (
			);
			inputPaths = (
				"${SRCROOT}/Pods/Target Support Files/Pods-SlackCooperation/Pods-SlackCooperation-frameworks.sh",
				"${BUILT_PRODUCTS_DIR}/SKClient/SKClient.framework",
				"${BUILT_PRODUCTS_DIR}/SKCore/SKCore.framework",
				"${BUILT_PRODUCTS_DIR}/SKRTMAPI/SKRTMAPI.framework",
				"${BUILT_PRODUCTS_DIR}/SKServer/SKServer.framework",
				"${BUILT_PRODUCTS_DIR}/SKWebAPI/SKWebAPI.framework",
				"${BUILT_PRODUCTS_DIR}/SlackKit/SlackKit.framework",
				"${BUILT_PRODUCTS_DIR}/Starscream/Starscream.framework",
				"${BUILT_PRODUCTS_DIR}/Swifter/Swifter.framework",
			);
			name = "[CP] Embed Pods Frameworks";
			outputPaths = (
				"${TARGET_BUILD_DIR}/${FRAMEWORKS_FOLDER_PATH}/SKClient.framework",
				"${TARGET_BUILD_DIR}/${FRAMEWORKS_FOLDER_PATH}/SKCore.framework",
				"${TARGET_BUILD_DIR}/${FRAMEWORKS_FOLDER_PATH}/SKRTMAPI.framework",
				"${TARGET_BUILD_DIR}/${FRAMEWORKS_FOLDER_PATH}/SKServer.framework",
				"${TARGET_BUILD_DIR}/${FRAMEWORKS_FOLDER_PATH}/SKWebAPI.framework",
				"${TARGET_BUILD_DIR}/${FRAMEWORKS_FOLDER_PATH}/SlackKit.framework",
				"${TARGET_BUILD_DIR}/${FRAMEWORKS_FOLDER_PATH}/Starscream.framework",
				"${TARGET_BUILD_DIR}/${FRAMEWORKS_FOLDER_PATH}/Swifter.framework",
			);
			runOnlyForDeploymentPostprocessing = 0;
			shellPath = /bin/sh;
			shellScript = "\"${SRCROOT}/Pods/Target Support Files/Pods-SlackCooperation/Pods-SlackCooperation-frameworks.sh\"\n";
			showEnvVarsInLog = 0;
		};
/* End PBXShellScriptBuildPhase section */

/* Begin PBXSourcesBuildPhase section */
		C1412BDE21B8F381006B0998 /* Sources */ = {
			isa = PBXSourcesBuildPhase;
			buildActionMask = 2147483647;
			files = (
				C1412BE821B8F381006B0998 /* ViewController.swift in Sources */,
				C1412BF821B8F3C8006B0998 /* APIToken.swift in Sources */,
				C1412BE621B8F381006B0998 /* AppDelegate.swift in Sources */,
			);
			runOnlyForDeploymentPostprocessing = 0;
		};
/* End PBXSourcesBuildPhase section */

/* Begin PBXVariantGroup section */
		C1412BE921B8F381006B0998 /* Main.storyboard */ = {
			isa = PBXVariantGroup;
			children = (
				C1412BEA21B8F381006B0998 /* Base */,
			);
			name = Main.storyboard;
			sourceTree = "<group>";
		};
		C1412BEE21B8F387006B0998 /* LaunchScreen.storyboard */ = {
			isa = PBXVariantGroup;
			children = (
				C1412BEF21B8F387006B0998 /* Base */,
			);
			name = LaunchScreen.storyboard;
			sourceTree = "<group>";
		};
/* End PBXVariantGroup section */

/* Begin XCBuildConfiguration section */
		C1412BF221B8F387006B0998 /* Debug */ = {
			isa = XCBuildConfiguration;
			buildSettings = {
				ALWAYS_SEARCH_USER_PATHS = NO;
				CLANG_ANALYZER_NONNULL = YES;
				CLANG_ANALYZER_NUMBER_OBJECT_CONVERSION = YES_AGGRESSIVE;
				CLANG_CXX_LANGUAGE_STANDARD = "gnu++14";
				CLANG_CXX_LIBRARY = "libc++";
				CLANG_ENABLE_MODULES = YES;
				CLANG_ENABLE_OBJC_ARC = YES;
				CLANG_ENABLE_OBJC_WEAK = YES;
				CLANG_WARN_BLOCK_CAPTURE_AUTORELEASING = YES;
				CLANG_WARN_BOOL_CONVERSION = YES;
				CLANG_WARN_COMMA = YES;
				CLANG_WARN_CONSTANT_CONVERSION = YES;
				CLANG_WARN_DEPRECATED_OBJC_IMPLEMENTATIONS = YES;
				CLANG_WARN_DIRECT_OBJC_ISA_USAGE = YES_ERROR;
				CLANG_WARN_DOCUMENTATION_COMMENTS = YES;
				CLANG_WARN_EMPTY_BODY = YES;
				CLANG_WARN_ENUM_CONVERSION = YES;
				CLANG_WARN_INFINITE_RECURSION = YES;
				CLANG_WARN_INT_CONVERSION = YES;
				CLANG_WARN_NON_LITERAL_NULL_CONVERSION = YES;
				CLANG_WARN_OBJC_IMPLICIT_RETAIN_SELF = YES;
				CLANG_WARN_OBJC_LITERAL_CONVERSION = YES;
				CLANG_WARN_OBJC_ROOT_CLASS = YES_ERROR;
				CLANG_WARN_RANGE_LOOP_ANALYSIS = YES;
				CLANG_WARN_STRICT_PROTOTYPES = YES;
				CLANG_WARN_SUSPICIOUS_MOVE = YES;
				CLANG_WARN_UNGUARDED_AVAILABILITY = YES_AGGRESSIVE;
				CLANG_WARN_UNREACHABLE_CODE = YES;
				CLANG_WARN__DUPLICATE_METHOD_MATCH = YES;
				CODE_SIGN_IDENTITY = "iPhone Developer";
				COPY_PHASE_STRIP = NO;
				DEBUG_INFORMATION_FORMAT = dwarf;
				ENABLE_STRICT_OBJC_MSGSEND = YES;
				ENABLE_TESTABILITY = YES;
				GCC_C_LANGUAGE_STANDARD = gnu11;
				GCC_DYNAMIC_NO_PIC = NO;
				GCC_NO_COMMON_BLOCKS = YES;
				GCC_OPTIMIZATION_LEVEL = 0;
				GCC_PREPROCESSOR_DEFINITIONS = (
					"DEBUG=1",
					"$(inherited)",
				);
				GCC_WARN_64_TO_32_BIT_CONVERSION = YES;
				GCC_WARN_ABOUT_RETURN_TYPE = YES_ERROR;
				GCC_WARN_UNDECLARED_SELECTOR = YES;
				GCC_WARN_UNINITIALIZED_AUTOS = YES_AGGRESSIVE;
				GCC_WARN_UNUSED_FUNCTION = YES;
				GCC_WARN_UNUSED_VARIABLE = YES;
				IPHONEOS_DEPLOYMENT_TARGET = 12.1;
				MTL_ENABLE_DEBUG_INFO = INCLUDE_SOURCE;
				MTL_FAST_MATH = YES;
				ONLY_ACTIVE_ARCH = YES;
				SDKROOT = iphoneos;
				SWIFT_ACTIVE_COMPILATION_CONDITIONS = DEBUG;
				SWIFT_OPTIMIZATION_LEVEL = "-Onone";
			};
			name = Debug;
		};
		C1412BF321B8F387006B0998 /* Release */ = {
			isa = XCBuildConfiguration;
			buildSettings = {
				ALWAYS_SEARCH_USER_PATHS = NO;
				CLANG_ANALYZER_NONNULL = YES;
				CLANG_ANALYZER_NUMBER_OBJECT_CONVERSION = YES_AGGRESSIVE;
				CLANG_CXX_LANGUAGE_STANDARD = "gnu++14";
				CLANG_CXX_LIBRARY = "libc++";
				CLANG_ENABLE_MODULES = YES;
				CLANG_ENABLE_OBJC_ARC = YES;
				CLANG_ENABLE_OBJC_WEAK = YES;
				CLANG_WARN_BLOCK_CAPTURE_AUTORELEASING = YES;
				CLANG_WARN_BOOL_CONVERSION = YES;
				CLANG_WARN_COMMA = YES;
				CLANG_WARN_CONSTANT_CONVERSION = YES;
				CLANG_WARN_DEPRECATED_OBJC_IMPLEMENTATIONS = YES;
				CLANG_WARN_DIRECT_OBJC_ISA_USAGE = YES_ERROR;
				CLANG_WARN_DOCUMENTATION_COMMENTS = YES;
				CLANG_WARN_EMPTY_BODY = YES;
				CLANG_WARN_ENUM_CONVERSION = YES;
				CLANG_WARN_INFINITE_RECURSION = YES;
				CLANG_WARN_INT_CONVERSION = YES;
				CLANG_WARN_NON_LITERAL_NULL_CONVERSION = YES;
				CLANG_WARN_OBJC_IMPLICIT_RETAIN_SELF = YES;
				CLANG_WARN_OBJC_LITERAL_CONVERSION = YES;
				CLANG_WARN_OBJC_ROOT_CLASS = YES_ERROR;
				CLANG_WARN_RANGE_LOOP_ANALYSIS = YES;
				CLANG_WARN_STRICT_PROTOTYPES = YES;
				CLANG_WARN_SUSPICIOUS_MOVE = YES;
				CLANG_WARN_UNGUARDED_AVAILABILITY = YES_AGGRESSIVE;
				CLANG_WARN_UNREACHABLE_CODE = YES;
				CLANG_WARN__DUPLICATE_METHOD_MATCH = YES;
				CODE_SIGN_IDENTITY = "iPhone Developer";
				COPY_PHASE_STRIP = NO;
				DEBUG_INFORMATION_FORMAT = "dwarf-with-dsym";
				ENABLE_NS_ASSERTIONS = NO;
				ENABLE_STRICT_OBJC_MSGSEND = YES;
				GCC_C_LANGUAGE_STANDARD = gnu11;
				GCC_NO_COMMON_BLOCKS = YES;
				GCC_WARN_64_TO_32_BIT_CONVERSION = YES;
				GCC_WARN_ABOUT_RETURN_TYPE = YES_ERROR;
				GCC_WARN_UNDECLARED_SELECTOR = YES;
				GCC_WARN_UNINITIALIZED_AUTOS = YES_AGGRESSIVE;
				GCC_WARN_UNUSED_FUNCTION = YES;
				GCC_WARN_UNUSED_VARIABLE = YES;
				IPHONEOS_DEPLOYMENT_TARGET = 12.1;
				MTL_ENABLE_DEBUG_INFO = NO;
				MTL_FAST_MATH = YES;
				SDKROOT = iphoneos;
				SWIFT_COMPILATION_MODE = wholemodule;
				SWIFT_OPTIMIZATION_LEVEL = "-O";
				VALIDATE_PRODUCT = YES;
			};
			name = Release;
		};
		C1412BF521B8F387006B0998 /* Debug */ = {
			isa = XCBuildConfiguration;
			baseConfigurationReference = F891C3750F1FC16B9BA81B2D /* Pods-SlackCooperation.debug.xcconfig */;
			buildSettings = {
				ASSETCATALOG_COMPILER_APPICON_NAME = AppIcon;
				CODE_SIGN_STYLE = Automatic;
				DEVELOPMENT_TEAM = 3E76788VZ5;
				INFOPLIST_FILE = SlackCooperation/Info.plist;
				LD_RUNPATH_SEARCH_PATHS = (
					"$(inherited)",
					"@executable_path/Frameworks",
				);
				PRODUCT_BUNDLE_IDENTIFIER = com.TakaoAtsushi.SlackCooperation;
				PRODUCT_NAME = "$(TARGET_NAME)";
				SWIFT_VERSION = 4.2;
				TARGETED_DEVICE_FAMILY = "1,2";
			};
			name = Debug;
		};
		C1412BF621B8F387006B0998 /* Release */ = {
			isa = XCBuildConfiguration;
			baseConfigurationReference = E2AE557574B36D28C144816D /* Pods-SlackCooperation.release.xcconfig */;
			buildSettings = {
				ASSETCATALOG_COMPILER_APPICON_NAME = AppIcon;
				CODE_SIGN_STYLE = Automatic;
				DEVELOPMENT_TEAM = 3E76788VZ5;
				INFOPLIST_FILE = SlackCooperation/Info.plist;
				LD_RUNPATH_SEARCH_PATHS = (
					"$(inherited)",
					"@executable_path/Frameworks",
				);
				PRODUCT_BUNDLE_IDENTIFIER = com.TakaoAtsushi.SlackCooperation;
				PRODUCT_NAME = "$(TARGET_NAME)";
				SWIFT_VERSION = 4.2;
				TARGETED_DEVICE_FAMILY = "1,2";
			};
			name = Release;
		};
/* End XCBuildConfiguration section */

/* Begin XCConfigurationList section */
		C1412BDD21B8F381006B0998 /* Build configuration list for PBXProject "SlackCooperation" */ = {
			isa = XCConfigurationList;
			buildConfigurations = (
				C1412BF221B8F387006B0998 /* Debug */,
				C1412BF321B8F387006B0998 /* Release */,
			);
			defaultConfigurationIsVisible = 0;
			defaultConfigurationName = Release;
		};
		C1412BF421B8F387006B0998 /* Build configuration list for PBXNativeTarget "SlackCooperation" */ = {
			isa = XCConfigurationList;
			buildConfigurations = (
				C1412BF521B8F387006B0998 /* Debug */,
				C1412BF621B8F387006B0998 /* Release */,
			);
			defaultConfigurationIsVisible = 0;
			defaultConfigurationName = Release;
		};
/* End XCConfigurationList section */
	};
	rootObject = C1412BDA21B8F381006B0998 /* Project object */;
}
